
Microsoft Visual Studio Solution File, Format Version 12.00
# Visual Studio Version 17
VisualStudioVersion = 17.0.31903.59
MinimumVisualStudioVersion = 10.0.40219.1
Project("{FAE04EC0-301F-11D3-BF4B-00C04F79EFBC}") = "api", "api\api.csproj", "{C5F87327-C9F5-4547-85F4-F9634E2FD18E}"
EndProject
Project("{FAE04EC0-301F-11D3-BF4B-00C04F79EFBC}") = "service", "service\service.csproj", "{B0605E42-BDA8-4BE8-B9B0-8EFF744F2951}"
EndProject
Project("{FAE04EC0-301F-11D3-BF4B-00C04F79EFBC}") = "infrastructure", "infrastructure\infrastructure.csproj", "{82F8AFD4-D93F-436B-B5E3-D6E25FBA639A}"
EndProject
Project("{FAE04EC0-301F-11D3-BF4B-00C04F79EFBC}") = "Test", "Test\Test.csproj", "{868EA2BC-B955-4E40-B035-C3A466D15908}"
EndProject
Global
	GlobalSection(SolutionConfigurationPlatforms) = preSolution
		Debug|Any CPU = Debug|Any CPU
		Release|Any CPU = Release|Any CPU
	EndGlobalSection
	GlobalSection(SolutionProperties) = preSolution
		HideSolutionNode = FALSE
	EndGlobalSection
	GlobalSection(ProjectConfigurationPlatforms) = postSolution
		{C5F87327-C9F5-4547-85F4-F9634E2FD18E}.Debug|Any CPU.ActiveCfg = Debug|Any CPU
		{C5F87327-C9F5-4547-85F4-F9634E2FD18E}.Debug|Any CPU.Build.0 = Debug|Any CPU
		{C5F87327-C9F5-4547-85F4-F9634E2FD18E}.Release|Any CPU.ActiveCfg = Release|Any CPU
		{C5F87327-C9F5-4547-85F4-F9634E2FD18E}.Release|Any CPU.Build.0 = Release|Any CPU
		{B0605E42-BDA8-4BE8-B9B0-8EFF744F2951}.Debug|Any CPU.ActiveCfg = Debug|Any CPU
		{B0605E42-BDA8-4BE8-B9B0-8EFF744F2951}.Debug|Any CPU.Build.0 = Debug|Any CPU
		{B0605E42-BDA8-4BE8-B9B0-8EFF744F2951}.Release|Any CPU.ActiveCfg = Release|Any CPU
		{B0605E42-BDA8-4BE8-B9B0-8EFF744F2951}.Release|Any CPU.Build.0 = Release|Any CPU
		{82F8AFD4-D93F-436B-B5E3-D6E25FBA639A}.Debug|Any CPU.ActiveCfg = Debug|Any CPU
		{82F8AFD4-D93F-436B-B5E3-D6E25FBA639A}.Debug|Any CPU.Build.0 = Debug|Any CPU
		{82F8AFD4-D93F-436B-B5E3-D6E25FBA639A}.Release|Any CPU.ActiveCfg = Release|Any CPU
		{82F8AFD4-D93F-436B-B5E3-D6E25FBA639A}.Release|Any CPU.Build.0 = Release|Any CPU
		{868EA2BC-B955-4E40-B035-C3A466D15908}.Debug|Any CPU.ActiveCfg = Debug|Any CPU
		{868EA2BC-B955-4E40-B035-C3A466D15908}.Debug|Any CPU.Build.0 = Debug|Any CPU
		{868EA2BC-B955-4E40-B035-C3A466D15908}.Release|Any CPU.ActiveCfg = Release|Any CPU
		{868EA2BC-B955-4E40-B035-C3A466D15908}.Release|Any CPU.Build.0 = Release|Any CPU
	EndGlobalSection
EndGlobal
